# name	filename	destination	url	sha256	revision	license
chiaki-ng	chiaki-ng-a75d628.tar.gz	chiaki-ng	https://github.com/streetpea/chiaki-ng/archive/a75d628ffb4b6e33126e3830b4fb32796e5cc005.tar.gz	975f11c745de5d663bf9735c77f00bcf6b7fa6585e637435ad5d30f86d8e784c	a75d628ffb4b6e33126e3830b4fb32796e5cc005	AGPL-3.0
curl	curl-b1ef0e1.tar.gz	chiaki-ng/third-party/curl	https://github.com/curl/curl/archive/b1ef0e1a01c0bb6ee5367bd9c186a603bde3615a.tar.gz	1d2e0e7f1efe2a6faac7a378d44f5b1419c9f5a41b99987807e77f2e514dc158	b1ef0e1a01c0bb6ee5367bd9c186a603bde3615a	curl
gf-complete	gf-complete-fa54a46.tar.gz	chiaki-ng/third-party/gf-complete	https://git.sr.ht/~thestr4ng3r/gf-complete/archive/fa54a4670a5705c84abf6c24b92b0cd479625478.tar.gz	32937a9e949392b149e4a025901f5104d4a7ec9827887d6f4e1e70d583688f6f	fa54a4670a5705c84abf6c24b92b0cd479625478	BSD-style
jerasure	jerasure-505ccb4.tar.gz	chiaki-ng/third-party/jerasure	https://git.sr.ht/~thestr4ng3r/jerasure/archive/505ccb4bc69eee8d7ea40a6089a056b99671134f.tar.gz	d9526bf52f338ee78ba6ba733fafc0321719344debd32e0746f437dd56a4fe43	505ccb4bc69eee8d7ea40a6089a056b99671134f	BSD-style
nanopb	nanopb-cad3c18.tar.gz	chiaki-ng/third-party/nanopb	https://github.com/nanopb/nanopb/archive/cad3c18ef15a663e30e3e43e3a752b66378adec1.tar.gz	10e5f014e91a540959cdb82ce486a25fb9a369cabefae128d9bda4ccb3598e30	cad3c18ef15a663e30e3e43e3a752b66378adec1	Zlib
mbedtls	mbedtls-2ca6c28.tar.gz	dependencies/mbedtls	https://github.com/Mbed-TLS/mbedtls/archive/2ca6c285a0dd3f33982dd57299012dacab1ff206.tar.gz	e78c5a58392ab1abe72b664934a2e6727b938f8d81fbeed4c59548106a747560	2ca6c285a0dd3f33982dd57299012dacab1ff206	Apache-2.0 OR GPL-2.0-or-later
mbedtls-framework	mbedtls-framework-750634d.tar.gz	dependencies/mbedtls/framework	https://github.com/Mbed-TLS/mbedtls-framework/archive/750634d3a51eb9d61b59fd5d801546927c946588.tar.gz	4845b5ae123c036cf9ec9e0ff0478a24b2be95450fc36a0fb80e2748518b424f	750634d3a51eb9d61b59fd5d801546927c946588	Apache-2.0
json-c	json-c-0.17-20230812.tar.gz	dependencies/json-c	https://github.com/json-c/json-c/archive/refs/tags/json-c-0.17-20230812.tar.gz	024d302a3aadcbf9f78735320a6d5aedf8b77876c8ac8bbb95081ca55054c7eb	json-c-0.17-20230812	MIT
miniupnpc	miniupnpc-2.2.8.tar.gz	dependencies/miniupnpc	https://miniupnp.tuxfamily.org/files/miniupnpc-2.2.8.tar.gz	05b929679091b9921b6b6c1f25e39e4c8d1f4d46c8feb55a412aa697aee03a93	2.2.8	BSD-3-Clause
opus	opus-1.4.tar.gz	dependencies/opus	https://github.com/xiph/opus/releases/download/v1.4/opus-1.4.tar.gz	c9b32b4253be5ae63d1ff16eea06b94b5f0f2951b7a02aceef58e3a3ce49c51f	1.4	BSD-3-Clause
